
Microsoft Visual Studio Solution File, Format Version 12.00
# Visual Studio Version 16
VisualStudioVersion = 16.0.30907.101
MinimumVisualStudioVersion = 10.0.40219.1
Project("{FAE04EC0-301F-11D3-BF4B-00C04F79EFBC}") = "Task1", "Task1.csproj", "{12550590-E212-4726-A346-7A268BC7944B}"
EndProject
Global
	GlobalSection(SolutionConfigurationPlatforms) = preSolution
		Debug|Any CPU = Debug|Any CPU
		Release|Any CPU = Release|Any CPU
	EndGlobalSection
	GlobalSection(ProjectConfigurationPlatforms) = postSolution
		{12550590-E212-4726-A346-7A268BC7944B}.Debug|Any CPU.ActiveCfg = Debug|Any CPU
		{12550590-E212-4726-A346-7A268BC7944B}.Debug|Any CPU.Build.0 = Debug|Any CPU
		{12550590-E212-4726-A346-7A268BC7944B}.Release|Any CPU.ActiveCfg = Release|Any CPU
		{12550590-E212-4726-A346-7A268BC7944B}.Release|Any CPU.Build.0 = Release|Any CPU
	EndGlobalSection
	GlobalSection(SolutionProperties) = preSolution
		HideSolutionNode = FALSE
	EndGlobalSection
	GlobalSection(ExtensibilityGlobals) = postSolution
		SolutionGuid = {7D22E645-EA0B-44DC-B07E-6618B92A3E84}
	EndGlobalSection
EndGlobal
